
Microsoft Visual Studio Solution File, Format Version 12.00
# Visual Studio Version 17
VisualStudioVersion = 17.7.34003.232
MinimumVisualStudioVersion = 10.0.40219.1
Project("{FAE04EC0-301F-11D3-BF4B-00C04F79EFBC}") = "MovingAverage", "MovingAverage\MovingAverage.csproj", "{C448B96F-C7D3-4D6E-9A84-795EBEA80035}"
EndProject
Global
	GlobalSection(SolutionConfigurationPlatforms) = preSolution
		Debug|Any CPU = Debug|Any CPU
		Release|Any CPU = Release|Any CPU
	EndGlobalSection
	GlobalSection(ProjectConfigurationPlatforms) = postSolution
		{C448B96F-C7D3-4D6E-9A84-795EBEA80035}.Debug|Any CPU.ActiveCfg = Debug|Any CPU
		{C448B96F-C7D3-4D6E-9A84-795EBEA80035}.Debug|Any CPU.Build.0 = Debug|Any CPU
		{C448B96F-C7D3-4D6E-9A84-795EBEA80035}.Release|Any CPU.ActiveCfg = Release|Any CPU
		{C448B96F-C7D3-4D6E-9A84-795EBEA80035}.Release|Any CPU.Build.0 = Release|Any CPU
	EndGlobalSection
	GlobalSection(SolutionProperties) = preSolution
		HideSolutionNode = FALSE
	EndGlobalSection
	GlobalSection(ExtensibilityGlobals) = postSolution
		SolutionGuid = {27CFEC5D-C1D0-47D7-93DA-C01261CE6F0D}
	EndGlobalSection
EndGlobal
